
Microsoft Visual Studio Solution File, Format Version 12.00
# Visual Studio Version 17
VisualStudioVersion = 17.5.33627.172
MinimumVisualStudioVersion = 10.0.40219.1
Project("{FAE04EC0-301F-11D3-BF4B-00C04F79EFBC}") = "Capa_Presentacion", "Capa_Presentacion\Capa_Presentacion.csproj", "{72DA7647-A4FA-4E3E-920B-5C8CCE747740}"
EndProject
Project("{FAE04EC0-301F-11D3-BF4B-00C04F79EFBC}") = "Capa_Logica", "Capa_Logica\Capa_Logica.csproj", "{FDB89BA8-38FF-47DC-AD5E-CE58D9F7049E}"
EndProject
Project("{FAE04EC0-301F-11D3-BF4B-00C04F79EFBC}") = "Capa_Modelo", "Capa_Modelo\Capa_Modelo.csproj", "{03580577-1595-43FB-84CF-89A06DDFD023}"
EndProject
Project("{FAE04EC0-301F-11D3-BF4B-00C04F79EFBC}") = "Capa_Acceso_Datos", "Capa_Acceso_Datos\Capa_Acceso_Datos.csproj", "{4CA9880D-BA03-4CAD-B1B1-FF248B746B46}"
EndProject
Global
	GlobalSection(SolutionConfigurationPlatforms) = preSolution
		Debug|Any CPU = Debug|Any CPU
		Release|Any CPU = Release|Any CPU
	EndGlobalSection
	GlobalSection(ProjectConfigurationPlatforms) = postSolution
		{72DA7647-A4FA-4E3E-920B-5C8CCE747740}.Debug|Any CPU.ActiveCfg = Debug|Any CPU
		{72DA7647-A4FA-4E3E-920B-5C8CCE747740}.Debug|Any CPU.Build.0 = Debug|Any CPU
		{72DA7647-A4FA-4E3E-920B-5C8CCE747740}.Release|Any CPU.ActiveCfg = Release|Any CPU
		{72DA7647-A4FA-4E3E-920B-5C8CCE747740}.Release|Any CPU.Build.0 = Release|Any CPU
		{FDB89BA8-38FF-47DC-AD5E-CE58D9F7049E}.Debug|Any CPU.ActiveCfg = Debug|Any CPU
		{FDB89BA8-38FF-47DC-AD5E-CE58D9F7049E}.Debug|Any CPU.Build.0 = Debug|Any CPU
		{FDB89BA8-38FF-47DC-AD5E-CE58D9F7049E}.Release|Any CPU.ActiveCfg = Release|Any CPU
		{FDB89BA8-38FF-47DC-AD5E-CE58D9F7049E}.Release|Any CPU.Build.0 = Release|Any CPU
		{03580577-1595-43FB-84CF-89A06DDFD023}.Debug|Any CPU.ActiveCfg = Debug|Any CPU
		{03580577-1595-43FB-84CF-89A06DDFD023}.Debug|Any CPU.Build.0 = Debug|Any CPU
		{03580577-1595-43FB-84CF-89A06DDFD023}.Release|Any CPU.ActiveCfg = Release|Any CPU
		{03580577-1595-43FB-84CF-89A06DDFD023}.Release|Any CPU.Build.0 = Release|Any CPU
		{4CA9880D-BA03-4CAD-B1B1-FF248B746B46}.Debug|Any CPU.ActiveCfg = Debug|Any CPU
		{4CA9880D-BA03-4CAD-B1B1-FF248B746B46}.Debug|Any CPU.Build.0 = Debug|Any CPU
		{4CA9880D-BA03-4CAD-B1B1-FF248B746B46}.Release|Any CPU.ActiveCfg = Release|Any CPU
		{4CA9880D-BA03-4CAD-B1B1-FF248B746B46}.Release|Any CPU.Build.0 = Release|Any CPU
	EndGlobalSection
	GlobalSection(SolutionProperties) = preSolution
		HideSolutionNode = FALSE
	EndGlobalSection
	GlobalSection(ExtensibilityGlobals) = postSolution
		SolutionGuid = {56701517-8FC6-4563-9302-69A17ED1BE71}
	EndGlobalSection
EndGlobal
